lockfileVersion: '9.0'

settings:
  autoInstallPeers: true
  excludeLinksFromLockfile: false

importers:

  .:
    dependencies:
      node-forge:
        specifier: ^1.4.0
        version: 1.4.0

packages:

  node-forge@1.4.0:
    resolution: {integrity: sha512-LarFH0+6VfriEhqMMcLX2F7SwSXeWwnEAJEsYm5QKWchiVYVvJyV9v7UDvUv+w5HO23ZpQTXDv/GxdDdMyOuoQ==}
    engines: {node: '>= 6.13.0'}

snapshots:

  node-forge@1.4.0: {}
